
Microsoft Visual Studio Solution File, Format Version 12.00
# Visual Studio 14
VisualStudioVersion = 14.0.25123.0
MinimumVisualStudioVersion = 10.0.40219.1
Project("{FAE04EC0-301F-11D3-BF4B-00C04F79EFBC}") = "SymulatorRownowazenia", "SymulatorRownowazenia\SymulatorRownowazenia.csproj", "{B483FE23-0528-4311-814B-215A23DC46B1}"
EndProject
Project("{FAE04EC0-301F-11D3-BF4B-00C04F79EFBC}") = "Node generator", "Node_generator\Node generator\Node generator.csproj", "{A662B236-351E-4CED-842E-5BD1EADB1AFF}"
EndProject
Project("{FAE04EC0-301F-11D3-BF4B-00C04F79EFBC}") = "Generator", "Generator\Generator\Generator.csproj", "{C88ECC1C-113C-44F4-9173-E2FE9980439C}"
EndProject
Global
	GlobalSection(SolutionConfigurationPlatforms) = preSolution
		Debug|Any CPU = Debug|Any CPU
		Release|Any CPU = Release|Any CPU
	EndGlobalSection
	GlobalSection(ProjectConfigurationPlatforms) = postSolution
		{B483FE23-0528-4311-814B-215A23DC46B1}.Debug|Any CPU.ActiveCfg = Debug|Any CPU
		{B483FE23-0528-4311-814B-215A23DC46B1}.Debug|Any CPU.Build.0 = Debug|Any CPU
		{B483FE23-0528-4311-814B-215A23DC46B1}.Release|Any CPU.ActiveCfg = Release|Any CPU
		{B483FE23-0528-4311-814B-215A23DC46B1}.Release|Any CPU.Build.0 = Release|Any CPU
		{A662B236-351E-4CED-842E-5BD1EADB1AFF}.Debug|Any CPU.ActiveCfg = Debug|Any CPU
		{A662B236-351E-4CED-842E-5BD1EADB1AFF}.Debug|Any CPU.Build.0 = Debug|Any CPU
		{A662B236-351E-4CED-842E-5BD1EADB1AFF}.Release|Any CPU.ActiveCfg = Release|Any CPU
		{A662B236-351E-4CED-842E-5BD1EADB1AFF}.Release|Any CPU.Build.0 = Release|Any CPU
		{C88ECC1C-113C-44F4-9173-E2FE9980439C}.Debug|Any CPU.ActiveCfg = Debug|Any CPU
		{C88ECC1C-113C-44F4-9173-E2FE9980439C}.Debug|Any CPU.Build.0 = Debug|Any CPU
		{C88ECC1C-113C-44F4-9173-E2FE9980439C}.Release|Any CPU.ActiveCfg = Release|Any CPU
		{C88ECC1C-113C-44F4-9173-E2FE9980439C}.Release|Any CPU.Build.0 = Release|Any CPU
	EndGlobalSection
	GlobalSection(SolutionProperties) = preSolution
		HideSolutionNode = FALSE
	EndGlobalSection
EndGlobal
